
Microsoft Visual Studio Solution File, Format Version 12.00
# Visual Studio 15
VisualStudioVersion = 15.0.26430.12
MinimumVisualStudioVersion = 10.0.40219.1
Project("{FAE04EC0-301F-11D3-BF4B-00C04F79EFBC}") = "HelloWorldConsoleApplication", "HelloWorldConsoleApplication\HelloWorldConsoleApplication.csproj", "{88ED8B00-D3C0-4427-9DFC-7CEBAE49D6BD}"
EndProject
Project("{FAE04EC0-301F-11D3-BF4B-00C04F79EFBC}") = "HelloWorldAPI", "HelloWorldAPI\HelloWorldAPI.csproj", "{7856C190-A48F-407B-A99D-F94249A8E5D2}"
EndProject
Project("{FAE04EC0-301F-11D3-BF4B-00C04F79EFBC}") = "HelloWorldAPI.Test", "HelloWorldAPI.Test\HelloWorldAPI.Test.csproj", "{63ADA7F6-99FE-4892-97F5-E45B457F13D7}"
EndProject
Global
	GlobalSection(SolutionConfigurationPlatforms) = preSolution
		Debug|Any CPU = Debug|Any CPU
		Release|Any CPU = Release|Any CPU
	EndGlobalSection
	GlobalSection(ProjectConfigurationPlatforms) = postSolution
		{88ED8B00-D3C0-4427-9DFC-7CEBAE49D6BD}.Debug|Any CPU.ActiveCfg = Debug|Any CPU
		{88ED8B00-D3C0-4427-9DFC-7CEBAE49D6BD}.Debug|Any CPU.Build.0 = Debug|Any CPU
		{88ED8B00-D3C0-4427-9DFC-7CEBAE49D6BD}.Release|Any CPU.ActiveCfg = Release|Any CPU
		{88ED8B00-D3C0-4427-9DFC-7CEBAE49D6BD}.Release|Any CPU.Build.0 = Release|Any CPU
		{7856C190-A48F-407B-A99D-F94249A8E5D2}.Debug|Any CPU.ActiveCfg = Debug|Any CPU
		{7856C190-A48F-407B-A99D-F94249A8E5D2}.Debug|Any CPU.Build.0 = Debug|Any CPU
		{7856C190-A48F-407B-A99D-F94249A8E5D2}.Release|Any CPU.ActiveCfg = Release|Any CPU
		{7856C190-A48F-407B-A99D-F94249A8E5D2}.Release|Any CPU.Build.0 = Release|Any CPU
		{63ADA7F6-99FE-4892-97F5-E45B457F13D7}.Debug|Any CPU.ActiveCfg = Debug|Any CPU
		{63ADA7F6-99FE-4892-97F5-E45B457F13D7}.Debug|Any CPU.Build.0 = Debug|Any CPU
		{63ADA7F6-99FE-4892-97F5-E45B457F13D7}.Release|Any CPU.ActiveCfg = Release|Any CPU
		{63ADA7F6-99FE-4892-97F5-E45B457F13D7}.Release|Any CPU.Build.0 = Release|Any CPU
	EndGlobalSection
	GlobalSection(SolutionProperties) = preSolution
		HideSolutionNode = FALSE
	EndGlobalSection
EndGlobal
